Microsoft Visual Studio Solution File, Format Version 11.00
# Visual Studio 2010
Project("{FAE04EC0-301F-11D3-BF4B-00C04F79EFBC}") = "JSLib", "JSLib.csproj", "{73ADF1A7-613B-4679-885B-2AE4AFAA9A6A}"
EndProject
Global
	GlobalSection(SolutionConfigurationPlatforms) = preSolution
		Debug|Any CPU = Debug|Any CPU
		Release|Any CPU = Release|Any CPU
	EndGlobalSection
	GlobalSection(ProjectConfigurationPlatforms) = postSolution
		{73ADF1A7-613B-4679-885B-2AE4AFAA9A6A}.Debug|Any CPU.ActiveCfg = Debug|Any CPU
		{73ADF1A7-613B-4679-885B-2AE4AFAA9A6A}.Debug|Any CPU.Build.0 = Debug|Any CPU
		{73ADF1A7-613B-4679-885B-2AE4AFAA9A6A}.Release|Any CPU.ActiveCfg = Release|Any CPU
		{73ADF1A7-613B-4679-885B-2AE4AFAA9A6A}.Release|Any CPU.Build.0 = Release|Any CPU
	EndGlobalSection
	GlobalSection(SolutionProperties) = preSolution
		HideSolutionNode = FALSE
	EndGlobalSection
EndGlobal
